
Microsoft Visual Studio Solution File, Format Version 12.00
# Visual Studio Version 16
VisualStudioVersion = 16.0.31624.102
MinimumVisualStudioVersion = 10.0.40219.1
Project("{FAE04EC0-301F-11D3-BF4B-00C04F79EFBC}") = "MCCompilerConsole", "MCCompilerConsole.csproj", "{F3BE6FDD-2488-4C97-A255-67589EC7033E}"
EndProject
Global
	GlobalSection(SolutionConfigurationPlatforms) = preSolution
		Debug|Any CPU = Debug|Any CPU
		Release|Any CPU = Release|Any CPU
	EndGlobalSection
	GlobalSection(ProjectConfigurationPlatforms) = postSolution
		{F3BE6FDD-2488-4C97-A255-67589EC7033E}.Debug|Any CPU.ActiveCfg = Debug|Any CPU
		{F3BE6FDD-2488-4C97-A255-67589EC7033E}.Debug|Any CPU.Build.0 = Debug|Any CPU
		{F3BE6FDD-2488-4C97-A255-67589EC7033E}.Release|Any CPU.ActiveCfg = Release|Any CPU
		{F3BE6FDD-2488-4C97-A255-67589EC7033E}.Release|Any CPU.Build.0 = Release|Any CPU
	EndGlobalSection
	GlobalSection(SolutionProperties) = preSolution
		HideSolutionNode = FALSE
	EndGlobalSection
	GlobalSection(ExtensibilityGlobals) = postSolution
		SolutionGuid = {FDF48ADE-7347-46D0-BC47-6B1ADB961659}
	EndGlobalSection
EndGlobal
